
Microsoft Visual Studio Solution File, Format Version 12.00
# Visual Studio Version 17
VisualStudioVersion = 17.8.34525.116
MinimumVisualStudioVersion = 10.0.40219.1
Project("{FAE04EC0-301F-11D3-BF4B-00C04F79EFBC}") = "loginRegister", "loginRegister.csproj", "{D7B4AF26-0C2F-490D-8576-522085ADEAFD}"
EndProject
Global
	GlobalSection(SolutionConfigurationPlatforms) = preSolution
		Debug|Any CPU = Debug|Any CPU
		Release|Any CPU = Release|Any CPU
	EndGlobalSection
	GlobalSection(ProjectConfigurationPlatforms) = postSolution
		{D7B4AF26-0C2F-490D-8576-522085ADEAFD}.Debug|Any CPU.ActiveCfg = Debug|Any CPU
		{D7B4AF26-0C2F-490D-8576-522085ADEAFD}.Debug|Any CPU.Build.0 = Debug|Any CPU
		{D7B4AF26-0C2F-490D-8576-522085ADEAFD}.Release|Any CPU.ActiveCfg = Release|Any CPU
		{D7B4AF26-0C2F-490D-8576-522085ADEAFD}.Release|Any CPU.Build.0 = Release|Any CPU
	EndGlobalSection
	GlobalSection(SolutionProperties) = preSolution
		HideSolutionNode = FALSE
	EndGlobalSection
	GlobalSection(ExtensibilityGlobals) = postSolution
		SolutionGuid = {10B9088B-3905-49DE-9625-CEF5BC41B49F}
	EndGlobalSection
EndGlobal
